
Microsoft Visual Studio Solution File, Format Version 12.00
# Visual Studio Version 17
VisualStudioVersion = 17.1.32421.90
MinimumVisualStudioVersion = 10.0.40219.1
Project("{9A19103F-16F7-4668-BE54-9A1E7A4F7556}") = "RadzenApp", "RadzenApp\RadzenApp.csproj", "{719D1F5E-66ED-44C4-9CD3-13E414B25F3D}"
EndProject
Global
	GlobalSection(SolutionConfigurationPlatforms) = preSolution
		Debug|Any CPU = Debug|Any CPU
		Release|Any CPU = Release|Any CPU
	EndGlobalSection
	GlobalSection(ProjectConfigurationPlatforms) = postSolution
		{719D1F5E-66ED-44C4-9CD3-13E414B25F3D}.Debug|Any CPU.ActiveCfg = Debug|Any CPU
		{719D1F5E-66ED-44C4-9CD3-13E414B25F3D}.Debug|Any CPU.Build.0 = Debug|Any CPU
		{719D1F5E-66ED-44C4-9CD3-13E414B25F3D}.Release|Any CPU.ActiveCfg = Release|Any CPU
		{719D1F5E-66ED-44C4-9CD3-13E414B25F3D}.Release|Any CPU.Build.0 = Release|Any CPU
	EndGlobalSection
	GlobalSection(SolutionProperties) = preSolution
		HideSolutionNode = FALSE
	EndGlobalSection
	GlobalSection(ExtensibilityGlobals) = postSolution
		SolutionGuid = {F13EA259-4735-451B-B8B6-084879579000}
	EndGlobalSection
EndGlobal
